
Microsoft Visual Studio Solution File, Format Version 12.00
# Visual Studio Version 16
VisualStudioVersion = 16.0.29306.81
MinimumVisualStudioVersion = 10.0.40219.1
Project("{FAE04EC0-301F-11D3-BF4B-00C04F79EFBC}") = "Hello1", "Hello1\Hello1.csproj", "{C6BF1A35-263D-44A8-A533-9D519B505C01}"
EndProject
Project("{FAE04EC0-301F-11D3-BF4B-00C04F79EFBC}") = "StudentDiary", "StudentDiary\StudentDiary.csproj", "{98682A9C-A60E-42A2-BBA9-C8676015502C}"
EndProject
Global
	GlobalSection(SolutionConfigurationPlatforms) = preSolution
		Debug|Any CPU = Debug|Any CPU
		Release|Any CPU = Release|Any CPU
	EndGlobalSection
	GlobalSection(ProjectConfigurationPlatforms) = postSolution
		{C6BF1A35-263D-44A8-A533-9D519B505C01}.Debug|Any CPU.ActiveCfg = Debug|Any CPU
		{C6BF1A35-263D-44A8-A533-9D519B505C01}.Debug|Any CPU.Build.0 = Debug|Any CPU
		{C6BF1A35-263D-44A8-A533-9D519B505C01}.Release|Any CPU.ActiveCfg = Release|Any CPU
		{C6BF1A35-263D-44A8-A533-9D519B505C01}.Release|Any CPU.Build.0 = Release|Any CPU
		{98682A9C-A60E-42A2-BBA9-C8676015502C}.Debug|Any CPU.ActiveCfg = Debug|Any CPU
		{98682A9C-A60E-42A2-BBA9-C8676015502C}.Debug|Any CPU.Build.0 = Debug|Any CPU
		{98682A9C-A60E-42A2-BBA9-C8676015502C}.Release|Any CPU.ActiveCfg = Release|Any CPU
		{98682A9C-A60E-42A2-BBA9-C8676015502C}.Release|Any CPU.Build.0 = Release|Any CPU
	EndGlobalSection
	GlobalSection(SolutionProperties) = preSolution
		HideSolutionNode = FALSE
	EndGlobalSection
	GlobalSection(ExtensibilityGlobals) = postSolution
		SolutionGuid = {AA6D6CC0-C203-4C5C-8905-5515B6D0AFD0}
	EndGlobalSection
EndGlobal
